
Microsoft Visual Studio Solution File, Format Version 12.00
# Visual Studio Version 16
VisualStudioVersion = 16.0.31624.102
MinimumVisualStudioVersion = 10.0.40219.1
Project("{9A19103F-16F7-4668-BE54-9A1E7A4F7556}") = "Entidades", "Entidades\Entidades.csproj", "{3C51FD5B-4566-4266-AA9B-94976EC44865}"
EndProject
Project("{9A19103F-16F7-4668-BE54-9A1E7A4F7556}") = "FormTPFinal", "FormTPFinal\FormTPFinal.csproj", "{4548C782-FD3A-4249-AF3A-F192A486E70C}"
EndProject
Project("{9A19103F-16F7-4668-BE54-9A1E7A4F7556}") = "Test", "Consola\Test.csproj", "{4B0414A6-464A-4B52-BE77-42B50FC653F5}"
EndProject
Project("{9A19103F-16F7-4668-BE54-9A1E7A4F7556}") = "TestEntidades", "TestEntidades\TestEntidades.csproj", "{0C88797C-74AE-4A10-A522-D1B0C110F0F1}"
EndProject
Global
	GlobalSection(SolutionConfigurationPlatforms) = preSolution
		Debug|Any CPU = Debug|Any CPU
		Release|Any CPU = Release|Any CPU
	EndGlobalSection
	GlobalSection(ProjectConfigurationPlatforms) = postSolution
		{3C51FD5B-4566-4266-AA9B-94976EC44865}.Debug|Any CPU.ActiveCfg = Debug|Any CPU
		{3C51FD5B-4566-4266-AA9B-94976EC44865}.Debug|Any CPU.Build.0 = Debug|Any CPU
		{3C51FD5B-4566-4266-AA9B-94976EC44865}.Release|Any CPU.ActiveCfg = Release|Any CPU
		{3C51FD5B-4566-4266-AA9B-94976EC44865}.Release|Any CPU.Build.0 = Release|Any CPU
		{4548C782-FD3A-4249-AF3A-F192A486E70C}.Debug|Any CPU.ActiveCfg = Debug|Any CPU
		{4548C782-FD3A-4249-AF3A-F192A486E70C}.Debug|Any CPU.Build.0 = Debug|Any CPU
		{4548C782-FD3A-4249-AF3A-F192A486E70C}.Release|Any CPU.ActiveCfg = Release|Any CPU
		{4548C782-FD3A-4249-AF3A-F192A486E70C}.Release|Any CPU.Build.0 = Release|Any CPU
		{4B0414A6-464A-4B52-BE77-42B50FC653F5}.Debug|Any CPU.ActiveCfg = Debug|Any CPU
		{4B0414A6-464A-4B52-BE77-42B50FC653F5}.Debug|Any CPU.Build.0 = Debug|Any CPU
		{4B0414A6-464A-4B52-BE77-42B50FC653F5}.Release|Any CPU.ActiveCfg = Release|Any CPU
		{4B0414A6-464A-4B52-BE77-42B50FC653F5}.Release|Any CPU.Build.0 = Release|Any CPU
		{0C88797C-74AE-4A10-A522-D1B0C110F0F1}.Debug|Any CPU.ActiveCfg = Debug|Any CPU
		{0C88797C-74AE-4A10-A522-D1B0C110F0F1}.Debug|Any CPU.Build.0 = Debug|Any CPU
		{0C88797C-74AE-4A10-A522-D1B0C110F0F1}.Release|Any CPU.ActiveCfg = Release|Any CPU
		{0C88797C-74AE-4A10-A522-D1B0C110F0F1}.Release|Any CPU.Build.0 = Release|Any CPU
	EndGlobalSection
	GlobalSection(SolutionProperties) = preSolution
		HideSolutionNode = FALSE
	EndGlobalSection
	GlobalSection(ExtensibilityGlobals) = postSolution
		SolutionGuid = {1286B3E6-0493-4B31-8089-DE39BAF5CB3D}
	EndGlobalSection
EndGlobal
