
Microsoft Visual Studio Solution File, Format Version 12.00
# Visual Studio Version 16
VisualStudioVersion = 16.0.31624.102
MinimumVisualStudioVersion = 10.0.40219.1
Project("{9A19103F-16F7-4668-BE54-9A1E7A4F7556}") = "MiCalculadora", "TP1Forms\MiCalculadora.csproj", "{34A4CF26-FE8E-485A-B4A5-4645C697BCF4}"
EndProject
Project("{9A19103F-16F7-4668-BE54-9A1E7A4F7556}") = "Entidades", "Entidades\Entidades.csproj", "{DE060946-77C8-4DE0-8F4F-09E3E1EB87AA}"
EndProject
Global
	GlobalSection(SolutionConfigurationPlatforms) = preSolution
		Debug|Any CPU = Debug|Any CPU
		Release|Any CPU = Release|Any CPU
	EndGlobalSection
	GlobalSection(ProjectConfigurationPlatforms) = postSolution
		{34A4CF26-FE8E-485A-B4A5-4645C697BCF4}.Debug|Any CPU.ActiveCfg = Debug|Any CPU
		{34A4CF26-FE8E-485A-B4A5-4645C697BCF4}.Debug|Any CPU.Build.0 = Debug|Any CPU
		{34A4CF26-FE8E-485A-B4A5-4645C697BCF4}.Release|Any CPU.ActiveCfg = Release|Any CPU
		{34A4CF26-FE8E-485A-B4A5-4645C697BCF4}.Release|Any CPU.Build.0 = Release|Any CPU
		{DE060946-77C8-4DE0-8F4F-09E3E1EB87AA}.Debug|Any CPU.ActiveCfg = Debug|Any CPU
		{DE060946-77C8-4DE0-8F4F-09E3E1EB87AA}.Debug|Any CPU.Build.0 = Debug|Any CPU
		{DE060946-77C8-4DE0-8F4F-09E3E1EB87AA}.Release|Any CPU.ActiveCfg = Release|Any CPU
		{DE060946-77C8-4DE0-8F4F-09E3E1EB87AA}.Release|Any CPU.Build.0 = Release|Any CPU
	EndGlobalSection
	GlobalSection(SolutionProperties) = preSolution
		HideSolutionNode = FALSE
	EndGlobalSection
	GlobalSection(ExtensibilityGlobals) = postSolution
		SolutionGuid = {7FE5CD26-8C36-46CB-AD64-68E499464194}
	EndGlobalSection
EndGlobal
